// !$*UTF8*$!
{
	archiveVersion = 1;
	classes = {
	};
	objectVersion = 55;
	objects = {

/* Begin PBXBuildFile section */
		CA04844326BC27D600024D84 /* AppDelegate.swift in Sources */ = {isa = PBXBuildFile; fileRef = CA04844226BC27D600024D84 /* AppDelegate.swift */; };
		CA04844526BC27D600024D84 /* SceneDelegate.swift in Sources */ = {isa = PBXBuildFile; fileRef = CA04844426BC27D600024D84 /* SceneDelegate.swift */; };
		CA04844726BC27D600024D84 /* ViewController.swift in Sources */ = {isa = PBXBuildFile; fileRef = CA04844626BC27D600024D84 /* ViewController.swift */; };
		CA04844A26BC27D600024D84 /* Main.storyboard in Resources */ = {isa = PBXBuildFile; fileRef = CA04844826BC27D600024D84 /* Main.storyboard */; };
		CA04844C26BC27D600024D84 /* Assets.xcassets in Resources */ = {isa = PBXBuildFile; fileRef = CA04844B26BC27D600024D84 /* Assets.xcassets */; };
		CA04844F26BC27D600024D84 /* LaunchScreen.storyboard in Resources */ = {isa = PBXBuildFile; fileRef = CA04844D26BC27D600024D84 /* LaunchScreen.storyboard */; };
		CA04846326BC2CEA00024D84 /* NewsModel.swift in Sources */ = {isa = PBXBuildFile; fileRef = CA04846226BC2CEA00024D84 /* NewsModel.swift */; };
		CA3D4F0226BCF3620058E2BC /* NewsTableViewCell.swift in Sources */ = {isa = PBXBuildFile; fileRef = CA3D4F0126BCF3620058E2BC /* NewsTableViewCell.swift */; };
		CADF53C126BD781200331EBF /* Realm in Frameworks */ = {isa = PBXBuildFile; productRef = CADF53C026BD781200331EBF /* Realm */; };
		CADF53C326BD781200331EBF /* RealmSwift in Frameworks */ = {isa = PBXBuildFile; productRef = CADF53C226BD781200331EBF /* RealmSwift */; };
		CADF53C526BDA5F900331EBF /* FavoritesViewControllers.swift in Sources */ = {isa = PBXBuildFile; fileRef = CADF53C426BDA5F900331EBF /* FavoritesViewControllers.swift */; };
		CADF53C726BDB09100331EBF /* NewsDetailsViewController.swift in Sources */ = {isa = PBXBuildFile; fileRef = CADF53C626BDB09100331EBF /* NewsDetailsViewController.swift */; };
		CADF53C926BDBB9500331EBF /* ViewControllerTableExtentions.swift in Sources */ = {isa = PBXBuildFile; fileRef = CADF53C826BDBB9500331EBF /* ViewControllerTableExtentions.swift */; };
		CADF53CB26BDBBD500331EBF /* ViewControllerApiFuncExtentions.swift in Sources */ = {isa = PBXBuildFile; fileRef = CADF53CA26BDBBD500331EBF /* ViewControllerApiFuncExtentions.swift */; };
		CADF53CD26BDBE9300331EBF /* FavoritesViewControllerTableExtentions.swift in Sources */ = {isa = PBXBuildFile; fileRef = CADF53CC26BDBE9300331EBF /* FavoritesViewControllerTableExtentions.swift */; };
/* End PBXBuildFile section */

/* Begin PBXFileReference section */
		CA04843F26BC27D600024D84 /* PecodeIOSDevelopertask.app */ = {isa = PBXFileReference; explicitFileType = wrapper.application; includeInIndex = 0; path = PecodeIOSDevelopertask.app; sourceTree = BUILT_PRODUCTS_DIR; };
		CA04844226BC27D600024D84 /* AppDelegate.swift */ = {isa = PBXFileReference; lastKnownFileType = sourcecode.swift; path = AppDelegate.swift; sourceTree = "<group>"; };
		CA04844426BC27D600024D84 /* SceneDelegate.swift */ = {isa = PBXFileReference; lastKnownFileType = sourcecode.swift; path = SceneDelegate.swift; sourceTree = "<group>"; };
		CA04844626BC27D600024D84 /* ViewController.swift */ = {isa = PBXFileReference; lastKnownFileType = sourcecode.swift; path = ViewController.swift; sourceTree = "<group>"; };
		CA04844926BC27D600024D84 /* Base */ = {isa = PBXFileReference; lastKnownFileType = file.storyboard; name = Base; path = Base.lproj/Main.storyboard; sourceTree = "<group>"; };
		CA04844B26BC27D600024D84 /* Assets.xcassets */ = {isa = PBXFileReference; lastKnownFileType = folder.assetcatalog; path = Assets.xcassets; sourceTree = "<group>"; };
		CA04844E26BC27D600024D84 /* Base */ = {isa = PBXFileReference; lastKnownFileType = file.storyboard; name = Base; path = Base.lproj/LaunchScreen.storyboard; sourceTree = "<group>"; };
		CA04845026BC27D600024D84 /* Info.plist */ = {isa = PBXFileReference; lastKnownFileType = text.plist.xml; path = Info.plist; sourceTree = "<group>"; };
		CA04846226BC2CEA00024D84 /* NewsModel.swift */ = {isa = PBXFileReference; lastKnownFileType = sourcecode.swift; path = NewsModel.swift; sourceTree = "<group>"; };
		CA3D4F0126BCF3620058E2BC /* NewsTableViewCell.swift */ = {isa = PBXFileReference; lastKnownFileType = sourcecode.swift; path = NewsTableViewCell.swift; sourceTree = "<group>"; };
		CADF53C426BDA5F900331EBF /* FavoritesViewControllers.swift */ = {isa = PBXFileReference; lastKnownFileType = sourcecode.swift; path = FavoritesViewControllers.swift; sourceTree = "<group>"; };
		CADF53C626BDB09100331EBF /* NewsDetailsViewController.swift */ = {isa = PBXFileReference; lastKnownFileType = sourcecode.swift; path = NewsDetailsViewController.swift; sourceTree = "<group>"; };
		CADF53C826BDBB9500331EBF /* ViewControllerTableExtentions.swift */ = {isa = PBXFileReference; lastKnownFileType = sourcecode.swift; path = ViewControllerTableExtentions.swift; sourceTree = "<group>"; };
		CADF53CA26BDBBD500331EBF /* ViewControllerApiFuncExtentions.swift */ = {isa = PBXFileReference; lastKnownFileType = sourcecode.swift; path = ViewControllerApiFuncExtentions.swift; sourceTree = "<group>"; };
		CADF53CC26BDBE9300331EBF /* FavoritesViewControllerTableExtentions.swift */ = {isa = PBXFileReference; lastKnownFileType = sourcecode.swift; path = FavoritesViewControllerTableExtentions.swift; sourceTree = "<group>"; };
/* End PBXFileReference section */

/* Begin PBXFrameworksBuildPhase section */
		CA04843C26BC27D600024D84 /* Frameworks */ = {
			isa = PBXFrameworksBuildPhase;
			buildActionMask = 2147483647;
			files = (
				CADF53C326BD781200331EBF /* RealmSwift in Frameworks */,
				CADF53C126BD781200331EBF /* Realm in Frameworks */,
			);
			runOnlyForDeploymentPostprocessing = 0;
		};
/* End PBXFrameworksBuildPhase section */

/* Begin PBXGroup section */
		CA04843626BC27D600024D84 = {
			isa = PBXGroup;
			children = (
				CA04844126BC27D600024D84 /* PecodeIOSDevelopertask */,
				CA04844026BC27D600024D84 /* Products */,
			);
			sourceTree = "<group>";
		};
		CA04844026BC27D600024D84 /* Products */ = {
			isa = PBXGroup;
			children = (
				CA04843F26BC27D600024D84 /* PecodeIOSDevelopertask.app */,
			);
			name = Products;
			sourceTree = "<group>";
		};
		CA04844126BC27D600024D84 /* PecodeIOSDevelopertask */ = {
			isa = PBXGroup;
			children = (
				CADF53D126BDBEE700331EBF /* favorite */,
				CADF53D026BDBED700331EBF /* models */,
				CADF53CF26BDBECD00331EBF /* details */,
				CADF53CE26BDBEC400331EBF /* home */,
				CA04844226BC27D600024D84 /* AppDelegate.swift */,
				CA04844426BC27D600024D84 /* SceneDelegate.swift */,
				CA04844826BC27D600024D84 /* Main.storyboard */,
				CA04844B26BC27D600024D84 /* Assets.xcassets */,
				CA04844D26BC27D600024D84 /* LaunchScreen.storyboard */,
				CA04845026BC27D600024D84 /* Info.plist */,
			);
			path = PecodeIOSDevelopertask;
			sourceTree = "<group>";
		};
		CADF53CE26BDBEC400331EBF /* home */ = {
			isa = PBXGroup;
			children = (
				CA04844626BC27D600024D84 /* ViewController.swift */,
				CADF53C826BDBB9500331EBF /* ViewControllerTableExtentions.swift */,
				CADF53CA26BDBBD500331EBF /* ViewControllerApiFuncExtentions.swift */,
				CA3D4F0126BCF3620058E2BC /* NewsTableViewCell.swift */,
			);
			path = home;
			sourceTree = "<group>";
		};
		CADF53CF26BDBECD00331EBF /* details */ = {
			isa = PBXGroup;
			children = (
				CADF53C626BDB09100331EBF /* NewsDetailsViewController.swift */,
			);
			path = details;
			sourceTree = "<group>";
		};
		CADF53D026BDBED700331EBF /* models */ = {
			isa = PBXGroup;
			children = (
				CA04846226BC2CEA00024D84 /* NewsModel.swift */,
			);
			path = models;
			sourceTree = "<group>";
		};
		CADF53D126BDBEE700331EBF /* favorite */ = {
			isa = PBXGroup;
			children = (
				CADF53C426BDA5F900331EBF /* FavoritesViewControllers.swift */,
				CADF53CC26BDBE9300331EBF /* FavoritesViewControllerTableExtentions.swift */,
			);
			path = favorite;
			sourceTree = "<group>";
		};
/* End PBXGroup section */

/* Begin PBXNativeTarget section */
		CA04843E26BC27D600024D84 /* PecodeIOSDevelopertask */ = {
			isa = PBXNativeTarget;
			buildConfigurationList = CA04845326BC27D600024D84 /* Build configuration list for PBXNativeTarget "PecodeIOSDevelopertask" */;
			buildPhases = (
				CA04843B26BC27D600024D84 /* Sources */,
				CA04843C26BC27D600024D84 /* Frameworks */,
				CA04843D26BC27D600024D84 /* Resources */,
			);
			buildRules = (
			);
			dependencies = (
			);
			name = PecodeIOSDevelopertask;
			packageProductDependencies = (
				CADF53C026BD781200331EBF /* Realm */,
				CADF53C226BD781200331EBF /* RealmSwift */,
			);
			productName = PecodeIOSDevelopertask;
			productReference = CA04843F26BC27D600024D84 /* PecodeIOSDevelopertask.app */;
			productType = "com.apple.product-type.application";
		};
/* End PBXNativeTarget section */

/* Begin PBXProject section */
		CA04843726BC27D600024D84 /* Project object */ = {
			isa = PBXProject;
			attributes = {
				BuildIndependentTargetsInParallel = 1;
				LastSwiftUpdateCheck = 1300;
				LastUpgradeCheck = 1300;
				TargetAttributes = {
					CA04843E26BC27D600024D84 = {
						CreatedOnToolsVersion = 13.0;
					};
				};
			};
			buildConfigurationList = CA04843A26BC27D600024D84 /* Build configuration list for PBXProject "PecodeIOSDevelopertask" */;
			compatibilityVersion = "Xcode 13.0";
			developmentRegion = en;
			hasScannedForEncodings = 0;
			knownRegions = (
				en,
				Base,
			);
			mainGroup = CA04843626BC27D600024D84;
			packageReferences = (
				CADF53BF26BD781200331EBF /* XCRemoteSwiftPackageReference "realm-cocoa" */,
			);
			productRefGroup = CA04844026BC27D600024D84 /* Products */;
			projectDirPath = "";
			projectRoot = "";
			targets = (
				CA04843E26BC27D600024D84 /* PecodeIOSDevelopertask */,
			);
		};
/* End PBXProject section */

/* Begin PBXResourcesBuildPhase section */
		CA04843D26BC27D600024D84 /* Resources */ = {
			isa = PBXResourcesBuildPhase;
			buildActionMask = 2147483647;
			files = (
				CA04844F26BC27D600024D84 /* LaunchScreen.storyboard in Resources */,
				CA04844C26BC27D600024D84 /* Assets.xcassets in Resources */,
				CA04844A26BC27D600024D84 /* Main.storyboard in Resources */,
			);
			runOnlyForDeploymentPostprocessing = 0;
		};
/* End PBXResourcesBuildPhase section */

/* Begin PBXSourcesBuildPhase section */
		CA04843B26BC27D600024D84 /* Sources */ = {
			isa = PBXSourcesBuildPhase;
			buildActionMask = 2147483647;
			files = (
				CA04846326BC2CEA00024D84 /* NewsModel.swift in Sources */,
				CA04844726BC27D600024D84 /* ViewController.swift in Sources */,
				CA04844326BC27D600024D84 /* AppDelegate.swift in Sources */,
				CA04844526BC27D600024D84 /* SceneDelegate.swift in Sources */,
				CADF53C926BDBB9500331EBF /* ViewControllerTableExtentions.swift in Sources */,
				CA3D4F0226BCF3620058E2BC /* NewsTableViewCell.swift in Sources */,
				CADF53C726BDB09100331EBF /* NewsDetailsViewController.swift in Sources */,
				CADF53C526BDA5F900331EBF /* FavoritesViewControllers.swift in Sources */,
				CADF53CD26BDBE9300331EBF /* FavoritesViewControllerTableExtentions.swift in Sources */,
				CADF53CB26BDBBD500331EBF /* ViewControllerApiFuncExtentions.swift in Sources */,
			);
			runOnlyForDeploymentPostprocessing = 0;
		};
/* End PBXSourcesBuildPhase section */

/* Begin PBXVariantGroup section */
		CA04844826BC27D600024D84 /* Main.storyboard */ = {
			isa = PBXVariantGroup;
			children = (
				CA04844926BC27D600024D84 /* Base */,
			);
			name = Main.storyboard;
			sourceTree = "<group>";
		};
		CA04844D26BC27D600024D84 /* LaunchScreen.storyboard */ = {
			isa = PBXVariantGroup;
			children = (
				CA04844E26BC27D600024D84 /* Base */,
			);
			name = LaunchScreen.storyboard;
			sourceTree = "<group>";
		};
/* End PBXVariantGroup section */

/* Begin XCBuildConfiguration section */
		CA04845126BC27D600024D84 /* Debug */ = {
			isa = XCBuildConfiguration;
			buildSettings = {
				ALWAYS_SEARCH_USER_PATHS = NO;
				CLANG_ANALYZER_NONNULL = YES;
				CLANG_ANALYZER_NUMBER_OBJECT_CONVERSION = YES_AGGRESSIVE;
				CLANG_CXX_LANGUAGE_STANDARD = "gnu++17";
				CLANG_CXX_LIBRARY = "libc++";
				CLANG_ENABLE_MODULES = YES;
				CLANG_ENABLE_OBJC_ARC = YES;
				CLANG_ENABLE_OBJC_WEAK = YES;
				CLANG_WARN_BLOCK_CAPTURE_AUTORELEASING = YES;
				CLANG_WARN_BOOL_CONVERSION = YES;
				CLANG_WARN_COMMA = YES;
				CLANG_WARN_CONSTANT_CONVERSION = YES;
				CLANG_WARN_DEPRECATED_OBJC_IMPLEMENTATIONS = YES;
				CLANG_WARN_DIRECT_OBJC_ISA_USAGE = YES_ERROR;
				CLANG_WARN_DOCUMENTATION_COMMENTS = YES;
				CLANG_WARN_EMPTY_BODY = YES;
				CLANG_WARN_ENUM_CONVERSION = YES;
				CLANG_WARN_INFINITE_RECURSION = YES;
				CLANG_WARN_INT_CONVERSION = YES;
				CLANG_WARN_NON_LITERAL_NULL_CONVERSION = YES;
				CLANG_WARN_OBJC_IMPLICIT_RETAIN_SELF = YES;
				CLANG_WARN_OBJC_LITERAL_CONVERSION = YES;
				CLANG_WARN_OBJC_ROOT_CLASS = YES_ERROR;
				CLANG_WARN_QUOTED_INCLUDE_IN_FRAMEWORK_HEADER = YES;
				CLANG_WARN_RANGE_LOOP_ANALYSIS = YES;
				CLANG_WARN_STRICT_PROTOTYPES = YES;
				CLANG_WARN_SUSPICIOUS_MOVE = YES;
				CLANG_WARN_UNGUARDED_AVAILABILITY = YES_AGGRESSIVE;
				CLANG_WARN_UNREACHABLE_CODE = YES;
				CLANG_WARN__DUPLICATE_METHOD_MATCH = YES;
				COPY_PHASE_STRIP = NO;
				DEBUG_INFORMATION_FORMAT = dwarf;
				ENABLE_STRICT_OBJC_MSGSEND = YES;
				ENABLE_TESTABILITY = YES;
				GCC_C_LANGUAGE_STANDARD = gnu11;
				GCC_DYNAMIC_NO_PIC = NO;
				GCC_NO_COMMON_BLOCKS = YES;
				GCC_OPTIMIZATION_LEVEL = 0;
				GCC_PREPROCESSOR_DEFINITIONS = (
					"DEBUG=1",
					"$(inherited)",
				);
				GCC_WARN_64_TO_32_BIT_CONVERSION = YES;
				GCC_WARN_ABOUT_RETURN_TYPE = YES_ERROR;
				GCC_WARN_UNDECLARED_SELECTOR = YES;
				GCC_WARN_UNINITIALIZED_AUTOS = YES_AGGRESSIVE;
				GCC_WARN_UNUSED_FUNCTION = YES;
				GCC_WARN_UNUSED_VARIABLE = YES;
				IPHONEOS_DEPLOYMENT_TARGET = 15.0;
				MTL_ENABLE_DEBUG_INFO = INCLUDE_SOURCE;
				MTL_FAST_MATH = YES;
				ONLY_ACTIVE_ARCH = YES;
				SDKROOT = iphoneos;
				SWIFT_ACTIVE_COMPILATION_CONDITIONS = DEBUG;
				SWIFT_OPTIMIZATION_LEVEL = "-Onone";
			};
			name = Debug;
		};
		CA04845226BC27D600024D84 /* Release */ = {
			isa = XCBuildConfiguration;
			buildSettings = {
				ALWAYS_SEARCH_USER_PATHS = NO;
				CLANG_ANALYZER_NONNULL = YES;
				CLANG_ANALYZER_NUMBER_OBJECT_CONVERSION = YES_AGGRESSIVE;
				CLANG_CXX_LANGUAGE_STANDARD = "gnu++17";
				CLANG_CXX_LIBRARY = "libc++";
				CLANG_ENABLE_MODULES = YES;
				CLANG_ENABLE_OBJC_ARC = YES;
				CLANG_ENABLE_OBJC_WEAK = YES;
				CLANG_WARN_BLOCK_CAPTURE_AUTORELEASING = YES;
				CLANG_WARN_BOOL_CONVERSION = YES;
				CLANG_WARN_COMMA = YES;
				CLANG_WARN_CONSTANT_CONVERSION = YES;
				CLANG_WARN_DEPRECATED_OBJC_IMPLEMENTATIONS = YES;
				CLANG_WARN_DIRECT_OBJC_ISA_USAGE = YES_ERROR;
				CLANG_WARN_DOCUMENTATION_COMMENTS = YES;
				CLANG_WARN_EMPTY_BODY = YES;
				CLANG_WARN_ENUM_CONVERSION = YES;
				CLANG_WARN_INFINITE_RECURSION = YES;
				CLANG_WARN_INT_CONVERSION = YES;
				CLANG_WARN_NON_LITERAL_NULL_CONVERSION = YES;
				CLANG_WARN_OBJC_IMPLICIT_RETAIN_SELF = YES;
				CLANG_WARN_OBJC_LITERAL_CONVERSION = YES;
				CLANG_WARN_OBJC_ROOT_CLASS = YES_ERROR;
				CLANG_WARN_QUOTED_INCLUDE_IN_FRAMEWORK_HEADER = YES;
				CLANG_WARN_RANGE_LOOP_ANALYSIS = YES;
				CLANG_WARN_STRICT_PROTOTYPES = YES;
				CLANG_WARN_SUSPICIOUS_MOVE = YES;
				CLANG_WARN_UNGUARDED_AVAILABILITY = YES_AGGRESSIVE;
				CLANG_WARN_UNREACHABLE_CODE = YES;
				CLANG_WARN__DUPLICATE_METHOD_MATCH = YES;
				COPY_PHASE_STRIP = NO;
				DEBUG_INFORMATION_FORMAT = "dwarf-with-dsym";
				ENABLE_NS_ASSERTIONS = NO;
				ENABLE_STRICT_OBJC_MSGSEND = YES;
				GCC_C_LANGUAGE_STANDARD = gnu11;
				GCC_NO_COMMON_BLOCKS = YES;
				GCC_WARN_64_TO_32_BIT_CONVERSION = YES;
				GCC_WARN_ABOUT_RETURN_TYPE = YES_ERROR;
				GCC_WARN_UNDECLARED_SELECTOR = YES;
				GCC_WARN_UNINITIALIZED_AUTOS = YES_AGGRESSIVE;
				GCC_WARN_UNUSED_FUNCTION = YES;
				GCC_WARN_UNUSED_VARIABLE = YES;
				IPHONEOS_DEPLOYMENT_TARGET = 15.0;
				MTL_ENABLE_DEBUG_INFO = NO;
				MTL_FAST_MATH = YES;
				SDKROOT = iphoneos;
				SWIFT_COMPILATION_MODE = wholemodule;
				SWIFT_OPTIMIZATION_LEVEL = "-O";
				VALIDATE_PRODUCT = YES;
			};
			name = Release;
		};
		CA04845426BC27D600024D84 /* Debug */ = {
			isa = XCBuildConfiguration;
			buildSettings = {
				ASSETCATALOG_COMPILER_APPICON_NAME = AppIcon;
				ASSETCATALOG_COMPILER_GLOBAL_ACCENT_COLOR_NAME = AccentColor;
				CODE_SIGN_STYLE = Automatic;
				CURRENT_PROJECT_VERSION = 1;
				GENERATE_INFOPLIST_FILE = YES;
				INFOPLIST_FILE = PecodeIOSDevelopertask/Info.plist;
				INFOPLIST_KEY_UIApplicationSupportsIndirectInputEvents = YES;
				INFOPLIST_KEY_UILaunchStoryboardName = LaunchScreen;
				INFOPLIST_KEY_UIMainStoryboardFile = Main;
				INFOPLIST_KEY_UISupportedInterfaceOrientations_iPad = "UIInterfaceOrientationPortrait UIInterfaceOrientationPortraitUpsideDown UIInterfaceOrientationLandscapeLeft UIInterfaceOrientationLandscapeRight";
				INFOPLIST_KEY_UISupportedInterfaceOrientations_iPhone = "UIInterfaceOrientationPortrait UIInterfaceOrientationLandscapeLeft UIInterfaceOrientationLandscapeRight";
				LD_RUNPATH_SEARCH_PATHS = (
					"$(inherited)",
					"@executable_path/Frameworks",
				);
				MARKETING_VERSION = 1.0;
				PRODUCT_BUNDLE_IDENTIFIER = v.kosmach.PecodeIOSDevelopertask;
				PRODUCT_NAME = "$(TARGET_NAME)";
				SWIFT_EMIT_LOC_STRINGS = YES;
				SWIFT_VERSION = 5.0;
				TARGETED_DEVICE_FAMILY = "1,2";
			};
			name = Debug;
		};
		CA04845526BC27D600024D84 /* Release */ = {
			isa = XCBuildConfiguration;
			buildSettings = {
				ASSETCATALOG_COMPILER_APPICON_NAME = AppIcon;
				ASSETCATALOG_COMPILER_GLOBAL_ACCENT_COLOR_NAME = AccentColor;
				CODE_SIGN_STYLE = Automatic;
				CURRENT_PROJECT_VERSION = 1;
				GENERATE_INFOPLIST_FILE = YES;
				INFOPLIST_FILE = PecodeIOSDevelopertask/Info.plist;
				INFOPLIST_KEY_UIApplicationSupportsIndirectInputEvents = YES;
				INFOPLIST_KEY_UILaunchStoryboardName = LaunchScreen;
				INFOPLIST_KEY_UIMainStoryboardFile = Main;
				INFOPLIST_KEY_UISupportedInterfaceOrientations_iPad = "UIInterfaceOrientationPortrait UIInterfaceOrientationPortraitUpsideDown UIInterfaceOrientationLandscapeLeft UIInterfaceOrientationLandscapeRight";
				INFOPLIST_KEY_UISupportedInterfaceOrientations_iPhone = "UIInterfaceOrientationPortrait UIInterfaceOrientationLandscapeLeft UIInterfaceOrientationLandscapeRight";
				LD_RUNPATH_SEARCH_PATHS = (
					"$(inherited)",
					"@executable_path/Frameworks",
				);
				MARKETING_VERSION = 1.0;
				PRODUCT_BUNDLE_IDENTIFIER = v.kosmach.PecodeIOSDevelopertask;
				PRODUCT_NAME = "$(TARGET_NAME)";
				SWIFT_EMIT_LOC_STRINGS = YES;
				SWIFT_VERSION = 5.0;
				TARGETED_DEVICE_FAMILY = "1,2";
			};
			name = Release;
		};
/* End XCBuildConfiguration section */

/* Begin XCConfigurationList section */
		CA04843A26BC27D600024D84 /* Build configuration list for PBXProject "PecodeIOSDevelopertask" */ = {
			isa = XCConfigurationList;
			buildConfigurations = (
				CA04845126BC27D600024D84 /* Debug */,
				CA04845226BC27D600024D84 /* Release */,
			);
			defaultConfigurationIsVisible = 0;
			defaultConfigurationName = Release;
		};
		CA04845326BC27D600024D84 /* Build configuration list for PBXNativeTarget "PecodeIOSDevelopertask" */ = {
			isa = XCConfigurationList;
			buildConfigurations = (
				CA04845426BC27D600024D84 /* Debug */,
				CA04845526BC27D600024D84 /* Release */,
			);
			defaultConfigurationIsVisible = 0;
			defaultConfigurationName = Release;
		};
/* End XCConfigurationList section */

/* Begin XCRemoteSwiftPackageReference section */
		CADF53BF26BD781200331EBF /* XCRemoteSwiftPackageReference "realm-cocoa" */ = {
			isa = XCRemoteSwiftPackageReference;
			repositoryURL = "https://github.com/realm/realm-cocoa.git";
			requirement = {
				kind = upToNextMajorVersion;
				minimumVersion = 5.0.0;
			};
		};
/* End XCRemoteSwiftPackageReference section */

/* Begin XCSwiftPackageProductDependency section */
		CADF53C026BD781200331EBF /* Realm */ = {
			isa = XCSwiftPackageProductDependency;
			package = CADF53BF26BD781200331EBF /* XCRemoteSwiftPackageReference "realm-cocoa" */;
			productName = Realm;
		};
		CADF53C226BD781200331EBF /* RealmSwift */ = {
			isa = XCSwiftPackageProductDependency;
			package = CADF53BF26BD781200331EBF /* XCRemoteSwiftPackageReference "realm-cocoa" */;
			productName = RealmSwift;
		};
/* End XCSwiftPackageProductDependency section */
	};
	rootObject = CA04843726BC27D600024D84 /* Project object */;
}
